
Microsoft Visual Studio Solution File, Format Version 12.00
# Visual Studio Version 16
VisualStudioVersion = 16.0.30717.126
MinimumVisualStudioVersion = 10.0.40219.1
Project("{FAE04EC0-301F-11D3-BF4B-00C04F79EFBC}") = "Building-Manage", "Building-Manage\Building-Manage.csproj", "{4C05694A-9A6D-42F3-BA4D-EFBCFC5C7504}"
EndProject
Global
	GlobalSection(SolutionConfigurationPlatforms) = preSolution
		Debug|Any CPU = Debug|Any CPU
		Release|Any CPU = Release|Any CPU
	EndGlobalSection
	GlobalSection(ProjectConfigurationPlatforms) = postSolution
		{4C05694A-9A6D-42F3-BA4D-EFBCFC5C7504}.Debug|Any CPU.ActiveCfg = Debug|Any CPU
		{4C05694A-9A6D-42F3-BA4D-EFBCFC5C7504}.Debug|Any CPU.Build.0 = Debug|Any CPU
		{4C05694A-9A6D-42F3-BA4D-EFBCFC5C7504}.Release|Any CPU.ActiveCfg = Release|Any CPU
		{4C05694A-9A6D-42F3-BA4D-EFBCFC5C7504}.Release|Any CPU.Build.0 = Release|Any CPU
	EndGlobalSection
	GlobalSection(SolutionProperties) = preSolution
		HideSolutionNode = FALSE
	EndGlobalSection
	GlobalSection(ExtensibilityGlobals) = postSolution
		SolutionGuid = {6B1712F0-B253-43CD-9D8A-C28029262FE0}
	EndGlobalSection
EndGlobal
